
Microsoft Visual Studio Solution File, Format Version 12.00
# Visual Studio Version 16
VisualStudioVersion = 16.0.31911.196
MinimumVisualStudioVersion = 10.0.40219.1
Project("{9A19103F-16F7-4668-BE54-9A1E7A4F7556}") = "ConsoleApp1", "ConsoleApp1\ConsoleApp1.csproj", "{77258D91-8015-40A9-8427-9265EE441F81}"
EndProject
Project("{FAE04EC0-301F-11D3-BF4B-00C04F79EFBC}") = "TestProject1", "TestProject1\TestProject1.csproj", "{B3CEE564-C366-4780-AE02-D772426D9039}"
EndProject
Global
	GlobalSection(SolutionConfigurationPlatforms) = preSolution
		Debug|Any CPU = Debug|Any CPU
		Release|Any CPU = Release|Any CPU
	EndGlobalSection
	GlobalSection(ProjectConfigurationPlatforms) = postSolution
		{77258D91-8015-40A9-8427-9265EE441F81}.Debug|Any CPU.ActiveCfg = Debug|Any CPU
		{77258D91-8015-40A9-8427-9265EE441F81}.Debug|Any CPU.Build.0 = Debug|Any CPU
		{77258D91-8015-40A9-8427-9265EE441F81}.Release|Any CPU.ActiveCfg = Release|Any CPU
		{77258D91-8015-40A9-8427-9265EE441F81}.Release|Any CPU.Build.0 = Release|Any CPU
		{B3CEE564-C366-4780-AE02-D772426D9039}.Debug|Any CPU.ActiveCfg = Debug|Any CPU
		{B3CEE564-C366-4780-AE02-D772426D9039}.Debug|Any CPU.Build.0 = Debug|Any CPU
		{B3CEE564-C366-4780-AE02-D772426D9039}.Release|Any CPU.ActiveCfg = Release|Any CPU
		{B3CEE564-C366-4780-AE02-D772426D9039}.Release|Any CPU.Build.0 = Release|Any CPU
	EndGlobalSection
	GlobalSection(SolutionProperties) = preSolution
		HideSolutionNode = FALSE
	EndGlobalSection
	GlobalSection(ExtensibilityGlobals) = postSolution
		SolutionGuid = {F716CF64-2234-4AB4-BD15-28B11817BA12}
	EndGlobalSection
EndGlobal
